Microsoft Visual Studio Solution File, Format Version 12.00
# Visual Studio Version 17
VisualStudioVersion = 17.5.2.0
MinimumVisualStudioVersion = 10.0.40219.1
Project("{2150E333-8FDC-42A3-9474-1A3956D46DE8}") = "quick-start", "quick-start", "{9BE22F1A-ABE6-AF34-BDFF-F6730736336D}"
EndProject
Project("{2150E333-8FDC-42A3-9474-1A3956D46DE8}") = "server", "server", "{97F22718-EF3B-AE7C-9D79-8CBA99122D31}"
EndProject
Project("{2150E333-8FDC-42A3-9474-1A3956D46DE8}") = "dotnet", "dotnet", "{8EB02C5B-5AB2-385E-1216-08DE69865592}"
EndProject
Project("{FAE04EC0-301F-11D3-BF4B-00C04F79EFBC}") = "MyDotNetApp", "quick-start\server\dotnet\MyDotNetApp\MyDotNetApp.csproj", "{FCF67618-1DC4-7C15-7F83-A1D19D79A769}"
EndProject
Global
	GlobalSection(SolutionConfigurationPlatforms) = preSolution
		Debug|Any CPU = Debug|Any CPU
		Release|Any CPU = Release|Any CPU
	EndGlobalSection
	GlobalSection(ProjectConfigurationPlatforms) = postSolution
		{FCF67618-1DC4-7C15-7F83-A1D19D79A769}.Debug|Any CPU.ActiveCfg = Debug|Any CPU
		{FCF67618-1DC4-7C15-7F83-A1D19D79A769}.Debug|Any CPU.Build.0 = Debug|Any CPU
		{FCF67618-1DC4-7C15-7F83-A1D19D79A769}.Release|Any CPU.ActiveCfg = Release|Any CPU
		{FCF67618-1DC4-7C15-7F83-A1D19D79A769}.Release|Any CPU.Build.0 = Release|Any CPU
	EndGlobalSection
	GlobalSection(SolutionProperties) = preSolution
		HideSolutionNode = FALSE
	EndGlobalSection
	GlobalSection(NestedProjects) = preSolution
		{97F22718-EF3B-AE7C-9D79-8CBA99122D31} = {9BE22F1A-ABE6-AF34-BDFF-F6730736336D}
		{8EB02C5B-5AB2-385E-1216-08DE69865592} = {97F22718-EF3B-AE7C-9D79-8CBA99122D31}
		{FCF67618-1DC4-7C15-7F83-A1D19D79A769} = {8EB02C5B-5AB2-385E-1216-08DE69865592}
	EndGlobalSection
	GlobalSection(ExtensibilityGlobals) = postSolution
		SolutionGuid = {E73D2CF9-0B28-49A6-912A-B38E8BC647A6}
	EndGlobalSection
EndGlobal
